
Microsoft Visual Studio Solution File, Format Version 12.00
# Visual Studio Version 16
VisualStudioVersion = 16.0.29215.179
MinimumVisualStudioVersion = 10.0.40219.1
Project("{FAE04EC0-301F-11D3-BF4B-00C04F79EFBC}") = "SGEP", "SGEP\SGEP.csproj", "{B102B779-9925-45B6-BE00-156A34206348}"
EndProject
Global
	GlobalSection(SolutionConfigurationPlatforms) = preSolution
		Debug|Any CPU = Debug|Any CPU
		Release|Any CPU = Release|Any CPU
	EndGlobalSection
	GlobalSection(ProjectConfigurationPlatforms) = postSolution
		{B102B779-9925-45B6-BE00-156A34206348}.Debug|Any CPU.ActiveCfg = Debug|Any CPU
		{B102B779-9925-45B6-BE00-156A34206348}.Debug|Any CPU.Build.0 = Debug|Any CPU
		{B102B779-9925-45B6-BE00-156A34206348}.Release|Any CPU.ActiveCfg = Release|Any CPU
		{B102B779-9925-45B6-BE00-156A34206348}.Release|Any CPU.Build.0 = Release|Any CPU
	EndGlobalSection
	GlobalSection(SolutionProperties) = preSolution
		HideSolutionNode = FALSE
	EndGlobalSection
	GlobalSection(ExtensibilityGlobals) = postSolution
		SolutionGuid = {B6220C9F-170E-4FD9-AC89-44F7F3F05758}
	EndGlobalSection
EndGlobal
